<?xml version="1.0" encoding="utf-8"?>
<Project ToolsVersion="4.0" xmlns="http://schemas.microsoft.com/developer/msbuild/2003">
  <ItemGroup>
    <Filter Include="ソース ファイル">
      <UniqueIdentifier>{4FC737F1-C7A5-4376-A066-2A32D752A2FF}</UniqueIdentifier>
      <Extensions>cpp;c;cc;cxx;c++;cppm;ixx;def;odl;idl;hpj;bat;asm;asmx</Extensions>
    </Filter>
    <Filter Include="ヘッダー ファイル">
      <UniqueIdentifier>{93995380-89BD-4b04-88EB-625FBE52EBFB}</UniqueIdentifier>
      <Extensions>h;hh;hpp;hxx;h++;hm;inl;inc;ipp;xsd</Extensions>
    </Filter>
    <Filter Include="リソース ファイル">
      <UniqueIdentifier>{67DA6AB6-F800-4c08-8B7A-83BB121AAD01}</UniqueIdentifier>
      <Extensions>rc;ico;cur;bmp;dlg;rc2;rct;bin;rgs;gif;jpg;jpeg;jpe;resx;tiff;tif;png;wav;mfcribbon-ms</Extensions>
    </Filter>
    <Filter Include="ソース ファイル\コピペ">
      <UniqueIdentifier>{31963f21-f07d-47c7-9111-6d23b684ca33}</UniqueIdentifier>
    </Filter>
  </ItemGroup>
  <ItemGroup>
    <None Include="index.htm">
      <Filter>リソース ファイル</Filter>
    </None>
    <None Include="styles.css">
      <Filter>ソース ファイル</Filter>
    </None>
    <None Include="slideBar.css">
      <Filter>ソース ファイル</Filter>
    </None>
    <None Include="profile.htm">
      <Filter>リソース ファイル</Filter>
    </None>
    <None Include="PageStyles.css">
      <Filter>ソース ファイル</Filter>
    </None>
    <None Include="Gallaley.htm">
      <Filter>リソース ファイル</Filter>
    </None>
    <None Include="game.htm">
      <Filter>リソース ファイル</Filter>
    </None>
    <None Include="proposal1.htm">
      <Filter>リソース ファイル</Filter>
    </None>
    <None Include="proposal2.htm">
      <Filter>リソース ファイル</Filter>
    </None>
    <None Include="reset.css">
      <Filter>ソース ファイル\コピペ</Filter>
    </None>
    <None Include="5-9.css">
      <Filter>ソース ファイル\コピペ</Filter>
    </None>
    <None Include="pdfStyles.css">
      <Filter>ソース ファイル</Filter>
    </None>
    <None Include="works.htm">
      <Filter>リソース ファイル</Filter>
    </None>
    <None Include="hobby.htm">
      <Filter>リソース ファイル</Filter>
    </None>
    <None Include="contact.htm">
      <Filter>リソース ファイル</Filter>
    </None>
    <None Include="particles.min.js">
      <Filter>ソース ファイル\コピペ</Filter>
    </None>
    <None Include="5-9.js">
      <Filter>ソース ファイル\コピペ</Filter>
    </None>
    <None Include="Button.css">
      <Filter>ソース ファイル</Filter>
    </None>
    <None Include="hover.css">
      <Filter>ソース ファイル</Filter>
    </None>
    <None Include="clickBox.css">
      <Filter>ソース ファイル</Filter>
    </None>
  </ItemGroup>
</Project>